
Microsoft Visual Studio Solution File, Format Version 12.00
# Visual Studio 15
VisualStudioVersion = 15.0.27130.2036
MinimumVisualStudioVersion = 10.0.40219.1
Project("{FAE04EC0-301F-11D3-BF4B-00C04F79EFBC}") = "MyGitTest", "MyGitTest\MyGitTest.csproj", "{D73764D2-D5B3-4E26-8FCB-0702F50BFB90}"
EndProject
Global
	GlobalSection(SolutionConfigurationPlatforms) = preSolution
		Debug|Any CPU = Debug|Any CPU
		Release|Any CPU = Release|Any CPU
	EndGlobalSection
	GlobalSection(ProjectConfigurationPlatforms) = postSolution
		{D73764D2-D5B3-4E26-8FCB-0702F50BFB90}.Debug|Any CPU.ActiveCfg = Debug|Any CPU
		{D73764D2-D5B3-4E26-8FCB-0702F50BFB90}.Debug|Any CPU.Build.0 = Debug|Any CPU
		{D73764D2-D5B3-4E26-8FCB-0702F50BFB90}.Release|Any CPU.ActiveCfg = Release|Any CPU
		{D73764D2-D5B3-4E26-8FCB-0702F50BFB90}.Release|Any CPU.Build.0 = Release|Any CPU
	EndGlobalSection
	GlobalSection(SolutionProperties) = preSolution
		HideSolutionNode = FALSE
	EndGlobalSection
	GlobalSection(ExtensibilityGlobals) = postSolution
		SolutionGuid = {19D4DF7C-51CE-42E6-872A-B835E49C4A31}
	EndGlobalSection
EndGlobal
